
Microsoft Visual Studio Solution File, Format Version 12.00
# Visual Studio Version 17
VisualStudioVersion = 17.7.34202.233
MinimumVisualStudioVersion = 10.0.40219.1
Project("{8BC9CEB8-8B4A-11D0-8D11-00A0C91BC942}") = "sredniaKwadratowa", "sredniaKwadratowa.vcxproj", "{A74EA2FA-CC60-4F95-98B7-F400B10886EE}"
EndProject
Global
	GlobalSection(SolutionConfigurationPlatforms) = preSolution
		Debug|x64 = Debug|x64
		Debug|x86 = Debug|x86
		Release|x64 = Release|x64
		Release|x86 = Release|x86
	EndGlobalSection
	GlobalSection(ProjectConfigurationPlatforms) = postSolution
		{A74EA2FA-CC60-4F95-98B7-F400B10886EE}.Debug|x64.ActiveCfg = Debug|x64
		{A74EA2FA-CC60-4F95-98B7-F400B10886EE}.Debug|x64.Build.0 = Debug|x64
		{A74EA2FA-CC60-4F95-98B7-F400B10886EE}.Debug|x86.ActiveCfg = Debug|Win32
		{A74EA2FA-CC60-4F95-98B7-F400B10886EE}.Debug|x86.Build.0 = Debug|Win32
		{A74EA2FA-CC60-4F95-98B7-F400B10886EE}.Release|x64.ActiveCfg = Release|x64
		{A74EA2FA-CC60-4F95-98B7-F400B10886EE}.Release|x64.Build.0 = Release|x64
		{A74EA2FA-CC60-4F95-98B7-F400B10886EE}.Release|x86.ActiveCfg = Release|Win32
		{A74EA2FA-CC60-4F95-98B7-F400B10886EE}.Release|x86.Build.0 = Release|Win32
	EndGlobalSection
	GlobalSection(SolutionProperties) = preSolution
		HideSolutionNode = FALSE
	EndGlobalSection
	GlobalSection(ExtensibilityGlobals) = postSolution
		SolutionGuid = {E574B760-2BA8-418A-A32F-D2E3739C3320}
	EndGlobalSection
EndGlobal
