
Microsoft Visual Studio Solution File, Format Version 12.00
# Visual Studio Version 17
VisualStudioVersion = 17.7.34202.233
MinimumVisualStudioVersion = 10.0.40219.1
Project("{8BC9CEB8-8B4A-11D0-8D11-00A0C91BC942}") = "zad_2.7", "zad_2.7.vcxproj", "{96177840-06EE-4A5B-B278-BF1832169C3D}"
EndProject
Global
	GlobalSection(SolutionConfigurationPlatforms) = preSolution
		Debug|x64 = Debug|x64
		Debug|x86 = Debug|x86
		Release|x64 = Release|x64
		Release|x86 = Release|x86
	EndGlobalSection
	GlobalSection(ProjectConfigurationPlatforms) = postSolution
		{96177840-06EE-4A5B-B278-BF1832169C3D}.Debug|x64.ActiveCfg = Debug|x64
		{96177840-06EE-4A5B-B278-BF1832169C3D}.Debug|x64.Build.0 = Debug|x64
		{96177840-06EE-4A5B-B278-BF1832169C3D}.Debug|x86.ActiveCfg = Debug|Win32
		{96177840-06EE-4A5B-B278-BF1832169C3D}.Debug|x86.Build.0 = Debug|Win32
		{96177840-06EE-4A5B-B278-BF1832169C3D}.Release|x64.ActiveCfg = Release|x64
		{96177840-06EE-4A5B-B278-BF1832169C3D}.Release|x64.Build.0 = Release|x64
		{96177840-06EE-4A5B-B278-BF1832169C3D}.Release|x86.ActiveCfg = Release|Win32
		{96177840-06EE-4A5B-B278-BF1832169C3D}.Release|x86.Build.0 = Release|Win32
	EndGlobalSection
	GlobalSection(SolutionProperties) = preSolution
		HideSolutionNode = FALSE
	EndGlobalSection
	GlobalSection(ExtensibilityGlobals) = postSolution
		SolutionGuid = {15DD0EF2-F373-4FF5-A4DA-A1852C372263}
	EndGlobalSection
EndGlobal
