
Microsoft Visual Studio Solution File, Format Version 12.00
# Visual Studio Version 17
VisualStudioVersion = 17.7.34202.233
MinimumVisualStudioVersion = 10.0.40219.1
Project("{8BC9CEB8-8B4A-11D0-8D11-00A0C91BC942}") = "minuty", "minuty.vcxproj", "{CB6D7B5F-AC39-410A-86CC-B54A555BE8C5}"
EndProject
Global
	GlobalSection(SolutionConfigurationPlatforms) = preSolution
		Debug|x64 = Debug|x64
		Debug|x86 = Debug|x86
		Release|x64 = Release|x64
		Release|x86 = Release|x86
	EndGlobalSection
	GlobalSection(ProjectConfigurationPlatforms) = postSolution
		{CB6D7B5F-AC39-410A-86CC-B54A555BE8C5}.Debug|x64.ActiveCfg = Debug|x64
		{CB6D7B5F-AC39-410A-86CC-B54A555BE8C5}.Debug|x64.Build.0 = Debug|x64
		{CB6D7B5F-AC39-410A-86CC-B54A555BE8C5}.Debug|x86.ActiveCfg = Debug|Win32
		{CB6D7B5F-AC39-410A-86CC-B54A555BE8C5}.Debug|x86.Build.0 = Debug|Win32
		{CB6D7B5F-AC39-410A-86CC-B54A555BE8C5}.Release|x64.ActiveCfg = Release|x64
		{CB6D7B5F-AC39-410A-86CC-B54A555BE8C5}.Release|x64.Build.0 = Release|x64
		{CB6D7B5F-AC39-410A-86CC-B54A555BE8C5}.Release|x86.ActiveCfg = Release|Win32
		{CB6D7B5F-AC39-410A-86CC-B54A555BE8C5}.Release|x86.Build.0 = Release|Win32
	EndGlobalSection
	GlobalSection(SolutionProperties) = preSolution
		HideSolutionNode = FALSE
	EndGlobalSection
	GlobalSection(ExtensibilityGlobals) = postSolution
		SolutionGuid = {A1C5A9CB-516F-474E-8F18-13EB04AFD298}
	EndGlobalSection
EndGlobal
